<?xml version="1.0" encoding="utf-8"?>
<Project ToolsVersion="4.0" xmlns="http://schemas.microsoft.com/developer/msbuild/2003">
  <ItemGroup>
    <ClCompile Include="Main.cpp" />
    <ClCompile Include="Entry.cpp" />
    <ClCompile Include="Debugger.cpp" />
  </ItemGroup>
  <ItemGroup>
    <Filter Include="Drivers">
      <UniqueIdentifier>{320c43bd-11cb-404a-817d-e4fa9c57133b}</UniqueIdentifier>
    </Filter>
    <Filter Include="Drivers\Keyboard">
      <UniqueIdentifier>{97ede2db-d388-4e0a-9a70-d0d4cd4a7aef}</UniqueIdentifier>
    </Filter>
    <Filter Include="Drivers\Floppy">
      <UniqueIdentifier>{aef1a9a6-154a-4b36-a3fa-9f1019e00593}</UniqueIdentifier>
    </Filter>
    <Filter Include="Shell">
      <UniqueIdentifier>{ffd42175-4f2a-4947-b5d3-225c5273fdd1}</UniqueIdentifier>
    </Filter>
    <Filter Include="Memory">
      <UniqueIdentifier>{033e6af8-f9e7-46c6-9ab5-e1464ff8877e}</UniqueIdentifier>
    </Filter>
    <Filter Include="Drivers\ATA">
      <UniqueIdentifier>{ab3f3f97-a8e3-4543-ae1f-dcc7f49ecd8e}</UniqueIdentifier>
    </Filter>
    <Filter Include="Screen">
      <UniqueIdentifier>{0d13c1fd-0cc7-40b1-aad8-53443980e6f5}</UniqueIdentifier>
    </Filter>
    <Filter Include="Drivers\FileSystems">
      <UniqueIdentifier>{e72adcd8-bced-4258-8a2d-a81d145f7d8c}</UniqueIdentifier>
    </Filter>
    <Filter Include="Utilities">
      <UniqueIdentifier>{a2de7536-a981-47e7-9c04-6b1e7ab9f030}</UniqueIdentifier>
    </Filter>
    <Filter Include="Drivers\FileSystems\VFS">
      <UniqueIdentifier>{b5856075-8e38-445e-9fee-928aa467bd27}</UniqueIdentifier>
    </Filter>
    <Filter Include="Utilities\IO">
      <UniqueIdentifier>{b5ed8369-73a0-49a7-91cb-77f43eaadae3}</UniqueIdentifier>
    </Filter>
    <Filter Include="Utilities\Structures">
      <UniqueIdentifier>{e47b3aba-b2dc-493d-ad7d-d4bc44bf5ab5}</UniqueIdentifier>
    </Filter>
    <Filter Include="Drivers\Devices">
      <UniqueIdentifier>{cace1b67-498d-4c18-85c2-09f23c5a0fa4}</UniqueIdentifier>
    </Filter>
    <Filter Include="Drivers\Devices\Storage">
      <UniqueIdentifier>{bc7ada9c-b1b0-4880-b120-989527948dff}</UniqueIdentifier>
    </Filter>
    <Filter Include="API">
      <UniqueIdentifier>{bd6b0806-98df-47f5-ba07-747167bbfc32}</UniqueIdentifier>
    </Filter>
    <Filter Include="Tasking">
      <UniqueIdentifier>{a9dd0f20-a49e-409e-ac6c-2112d2731310}</UniqueIdentifier>
    </Filter>
    <Filter Include="ConLib">
      <UniqueIdentifier>{b00b5414-711b-43bb-b283-f55095f1ec2d}</UniqueIdentifier>
    </Filter>
    <Filter Include="Users">
      <UniqueIdentifier>{b834fcfa-d6a7-4f24-bed9-1fe19e04a602}</UniqueIdentifier>
    </Filter>
    <Filter Include="Drivers\FileSystems\FAT">
      <UniqueIdentifier>{398c7843-9e82-44e3-b457-5cb7f6d2610c}</UniqueIdentifier>
    </Filter>
    <Filter Include="IO">
      <UniqueIdentifier>{55bea8a9-dcf1-47a3-a6c7-5b892f5a9fd6}</UniqueIdentifier>
    </Filter>
  </ItemGroup>
  <ItemGroup>
    <ClInclude Include="Multiboot.h" />
    <ClInclude Include="IO\Streams\DataStream.h">
      <Filter>Utilities\IO</Filter>
    </ClInclude>
    <ClInclude Include="IO\Streams\Stream.h">
      <Filter>Utilities\IO</Filter>
    </ClInclude>
    <ClInclude Include="Maths\Maths.h" />
    <ClInclude Include="IO\Streams\MemoryStream.h" />
    <ClInclude Include="Data\Database.h" />
    <ClInclude Include="Config.h" />
    <ClInclude Include="IO\Streams\DeflateStream.h" />
    <ClInclude Include="IO\Streams\TextStream.h" />
    <ClInclude Include="IO\Streams\BufferStream.h" />
    <ClInclude Include="IO\Streams\TeeStream.h" />
    <ClInclude Include="Data\Record.h" />
    <ClInclude Include="Data\Table.h" />
    <ClInclude Include="Types.h" />
    <ClInclude Include="Debugger.h" />
  </ItemGroup>
</Project>