
Microsoft Visual Studio Solution File, Format Version 12.00
# Visual Studio 14
VisualStudioVersion = 14.0.23107.0
MinimumVisualStudioVersion = 10.0.40219.1
Project("{8BC9CEB8-8B4A-11D0-8D11-00A0C91BC942}") = "Kernel", "Kernel\Kernel.vcxproj", "{B3006351-8D6B-40D4-82F9-0BAE059075D6}"
	ProjectSection(ProjectDependencies) = postProject
		{BDDBA4B3-B411-479C-BB66-2D37250F09A6} = {BDDBA4B3-B411-479C-BB66-2D37250F09A6}
		{ED375CD0-522F-4DE0-B59F-6F4B267A40C0} = {ED375CD0-522F-4DE0-B59F-6F4B267A40C0}
	EndProjectSection
EndProject
Project("{2150E333-8FDC-42A3-9474-1A3956D46DE8}") = "Tools", "Tools", "{7F005AC3-89DD-42BF-AFD0-5A99E1F63932}"
EndProject
Project("{FAE04EC0-301F-11D3-BF4B-00C04F79EFBC}") = "Generator.PostBuild", "[Tools]\Generator.PostBuild\Generator.PostBuild.csproj", "{ED375CD0-522F-4DE0-B59F-6F4B267A40C0}"
EndProject
Project("{FAE04EC0-301F-11D3-BF4B-00C04F79EFBC}") = "Debugger", "[Tools]\Debugger\Debugger.csproj", "{380783F9-463C-4DC4-96D7-95BB4D7910E2}"
	ProjectSection(ProjectDependencies) = postProject
		{B3006351-8D6B-40D4-82F9-0BAE059075D6} = {B3006351-8D6B-40D4-82F9-0BAE059075D6}
	EndProjectSection
EndProject
Project("{2150E333-8FDC-42A3-9474-1A3956D46DE8}") = "Libraries", "Libraries", "{2E9B211B-DC44-4088-A78A-95D6670289EA}"
EndProject
Project("{FAE04EC0-301F-11D3-BF4B-00C04F79EFBC}") = "Gdb", "[Tools]\[Libraries]\Gdb\Gdb.csproj", "{A7DD2C3B-760C-4575-B13E-D7000AC630D6}"
EndProject
Project("{8BC9CEB8-8B4A-11D0-8D11-00A0C91BC942}") = "Pdb", "[Tools]\[Libraries]\Pdb\Debugger.Pdb.vcxproj", "{75B96475-7714-4F16-B5BA-A0B6FEA38EAD}"
EndProject
Project("{FAE04EC0-301F-11D3-BF4B-00C04F79EFBC}") = "VisualStudio", "[Tools]\[Libraries]\VisualStudio\VisualStudio.csproj", "{3824E9C8-D4DA-4CAC-BD96-6D758248D32E}"
EndProject
Project("{8BC9CEB8-8B4A-11D0-8D11-00A0C91BC942}") = "Screen", "Screen\Screen.vcxproj", "{BDDBA4B3-B411-479C-BB66-2D37250F09A6}"
EndProject
Global
	GlobalSection(SolutionConfigurationPlatforms) = preSolution
		Debug|x64 = Debug|x64
		Debug|x86 = Debug|x86
		Kernel|x64 = Kernel|x64
		Kernel|x86 = Kernel|x86
		Release|x64 = Release|x64
		Release|x86 = Release|x86
	EndGlobalSection
	GlobalSection(ProjectConfigurationPlatforms) = postSolution
		{B3006351-8D6B-40D4-82F9-0BAE059075D6}.Debug|x64.ActiveCfg = Debug|x64
		{B3006351-8D6B-40D4-82F9-0BAE059075D6}.Debug|x64.Build.0 = Debug|x64
		{B3006351-8D6B-40D4-82F9-0BAE059075D6}.Debug|x86.ActiveCfg = Debug|Win32
		{B3006351-8D6B-40D4-82F9-0BAE059075D6}.Debug|x86.Build.0 = Debug|Win32
		{B3006351-8D6B-40D4-82F9-0BAE059075D6}.Kernel|x64.ActiveCfg = Release|x64
		{B3006351-8D6B-40D4-82F9-0BAE059075D6}.Kernel|x64.Build.0 = Release|x64
		{B3006351-8D6B-40D4-82F9-0BAE059075D6}.Kernel|x86.ActiveCfg = Debug|Win32
		{B3006351-8D6B-40D4-82F9-0BAE059075D6}.Kernel|x86.Build.0 = Debug|Win32
		{B3006351-8D6B-40D4-82F9-0BAE059075D6}.Release|x64.ActiveCfg = Release|x64
		{B3006351-8D6B-40D4-82F9-0BAE059075D6}.Release|x64.Build.0 = Release|x64
		{B3006351-8D6B-40D4-82F9-0BAE059075D6}.Release|x86.ActiveCfg = Release|Win32
		{B3006351-8D6B-40D4-82F9-0BAE059075D6}.Release|x86.Build.0 = Release|Win32
		{ED375CD0-522F-4DE0-B59F-6F4B267A40C0}.Debug|x64.ActiveCfg = Debug|Any CPU
		{ED375CD0-522F-4DE0-B59F-6F4B267A40C0}.Debug|x64.Build.0 = Debug|Any CPU
		{ED375CD0-522F-4DE0-B59F-6F4B267A40C0}.Debug|x86.ActiveCfg = Debug|x86
		{ED375CD0-522F-4DE0-B59F-6F4B267A40C0}.Debug|x86.Build.0 = Debug|x86
		{ED375CD0-522F-4DE0-B59F-6F4B267A40C0}.Kernel|x64.ActiveCfg = Release|Any CPU
		{ED375CD0-522F-4DE0-B59F-6F4B267A40C0}.Kernel|x64.Build.0 = Release|Any CPU
		{ED375CD0-522F-4DE0-B59F-6F4B267A40C0}.Kernel|x86.ActiveCfg = Debug|x86
		{ED375CD0-522F-4DE0-B59F-6F4B267A40C0}.Kernel|x86.Build.0 = Debug|x86
		{ED375CD0-522F-4DE0-B59F-6F4B267A40C0}.Release|x64.ActiveCfg = Release|Any CPU
		{ED375CD0-522F-4DE0-B59F-6F4B267A40C0}.Release|x64.Build.0 = Release|Any CPU
		{ED375CD0-522F-4DE0-B59F-6F4B267A40C0}.Release|x86.ActiveCfg = Release|x86
		{ED375CD0-522F-4DE0-B59F-6F4B267A40C0}.Release|x86.Build.0 = Release|x86
		{380783F9-463C-4DC4-96D7-95BB4D7910E2}.Debug|x64.ActiveCfg = Debug|x64
		{380783F9-463C-4DC4-96D7-95BB4D7910E2}.Debug|x64.Build.0 = Debug|x64
		{380783F9-463C-4DC4-96D7-95BB4D7910E2}.Debug|x86.ActiveCfg = Debug|x86
		{380783F9-463C-4DC4-96D7-95BB4D7910E2}.Debug|x86.Build.0 = Debug|x86
		{380783F9-463C-4DC4-96D7-95BB4D7910E2}.Kernel|x64.ActiveCfg = Release|x64
		{380783F9-463C-4DC4-96D7-95BB4D7910E2}.Kernel|x64.Build.0 = Release|x64
		{380783F9-463C-4DC4-96D7-95BB4D7910E2}.Kernel|x86.ActiveCfg = Debug|x86
		{380783F9-463C-4DC4-96D7-95BB4D7910E2}.Kernel|x86.Build.0 = Debug|x86
		{380783F9-463C-4DC4-96D7-95BB4D7910E2}.Release|x64.ActiveCfg = Release|x64
		{380783F9-463C-4DC4-96D7-95BB4D7910E2}.Release|x64.Build.0 = Release|x64
		{380783F9-463C-4DC4-96D7-95BB4D7910E2}.Release|x86.ActiveCfg = Release|x86
		{380783F9-463C-4DC4-96D7-95BB4D7910E2}.Release|x86.Build.0 = Release|x86
		{A7DD2C3B-760C-4575-B13E-D7000AC630D6}.Debug|x64.ActiveCfg = Debug|Any CPU
		{A7DD2C3B-760C-4575-B13E-D7000AC630D6}.Debug|x64.Build.0 = Debug|Any CPU
		{A7DD2C3B-760C-4575-B13E-D7000AC630D6}.Debug|x86.ActiveCfg = Debug|Any CPU
		{A7DD2C3B-760C-4575-B13E-D7000AC630D6}.Debug|x86.Build.0 = Debug|Any CPU
		{A7DD2C3B-760C-4575-B13E-D7000AC630D6}.Kernel|x64.ActiveCfg = Release|Any CPU
		{A7DD2C3B-760C-4575-B13E-D7000AC630D6}.Kernel|x64.Build.0 = Release|Any CPU
		{A7DD2C3B-760C-4575-B13E-D7000AC630D6}.Kernel|x86.ActiveCfg = Debug|Any CPU
		{A7DD2C3B-760C-4575-B13E-D7000AC630D6}.Kernel|x86.Build.0 = Debug|Any CPU
		{A7DD2C3B-760C-4575-B13E-D7000AC630D6}.Release|x64.ActiveCfg = Release|Any CPU
		{A7DD2C3B-760C-4575-B13E-D7000AC630D6}.Release|x64.Build.0 = Release|Any CPU
		{A7DD2C3B-760C-4575-B13E-D7000AC630D6}.Release|x86.ActiveCfg = Release|Any CPU
		{A7DD2C3B-760C-4575-B13E-D7000AC630D6}.Release|x86.Build.0 = Release|Any CPU
		{75B96475-7714-4F16-B5BA-A0B6FEA38EAD}.Debug|x64.ActiveCfg = Debug|x64
		{75B96475-7714-4F16-B5BA-A0B6FEA38EAD}.Debug|x64.Build.0 = Debug|x64
		{75B96475-7714-4F16-B5BA-A0B6FEA38EAD}.Debug|x86.ActiveCfg = Debug|Win32
		{75B96475-7714-4F16-B5BA-A0B6FEA38EAD}.Debug|x86.Build.0 = Debug|Win32
		{75B96475-7714-4F16-B5BA-A0B6FEA38EAD}.Kernel|x64.ActiveCfg = Release|x64
		{75B96475-7714-4F16-B5BA-A0B6FEA38EAD}.Kernel|x64.Build.0 = Release|x64
		{75B96475-7714-4F16-B5BA-A0B6FEA38EAD}.Kernel|x86.ActiveCfg = Debug|Win32
		{75B96475-7714-4F16-B5BA-A0B6FEA38EAD}.Kernel|x86.Build.0 = Debug|Win32
		{75B96475-7714-4F16-B5BA-A0B6FEA38EAD}.Release|x64.ActiveCfg = Release|x64
		{75B96475-7714-4F16-B5BA-A0B6FEA38EAD}.Release|x64.Build.0 = Release|x64
		{75B96475-7714-4F16-B5BA-A0B6FEA38EAD}.Release|x86.ActiveCfg = Release|Win32
		{75B96475-7714-4F16-B5BA-A0B6FEA38EAD}.Release|x86.Build.0 = Release|Win32
		{3824E9C8-D4DA-4CAC-BD96-6D758248D32E}.Debug|x64.ActiveCfg = Debug|Any CPU
		{3824E9C8-D4DA-4CAC-BD96-6D758248D32E}.Debug|x64.Build.0 = Debug|Any CPU
		{3824E9C8-D4DA-4CAC-BD96-6D758248D32E}.Debug|x86.ActiveCfg = Debug|Any CPU
		{3824E9C8-D4DA-4CAC-BD96-6D758248D32E}.Debug|x86.Build.0 = Debug|Any CPU
		{3824E9C8-D4DA-4CAC-BD96-6D758248D32E}.Kernel|x64.ActiveCfg = Release|Any CPU
		{3824E9C8-D4DA-4CAC-BD96-6D758248D32E}.Kernel|x64.Build.0 = Release|Any CPU
		{3824E9C8-D4DA-4CAC-BD96-6D758248D32E}.Kernel|x86.ActiveCfg = Debug|Any CPU
		{3824E9C8-D4DA-4CAC-BD96-6D758248D32E}.Kernel|x86.Build.0 = Debug|Any CPU
		{3824E9C8-D4DA-4CAC-BD96-6D758248D32E}.Release|x64.ActiveCfg = Release|Any CPU
		{3824E9C8-D4DA-4CAC-BD96-6D758248D32E}.Release|x64.Build.0 = Release|Any CPU
		{3824E9C8-D4DA-4CAC-BD96-6D758248D32E}.Release|x86.ActiveCfg = Release|Any CPU
		{3824E9C8-D4DA-4CAC-BD96-6D758248D32E}.Release|x86.Build.0 = Release|Any CPU
		{BDDBA4B3-B411-479C-BB66-2D37250F09A6}.Debug|x64.ActiveCfg = Debug|x64
		{BDDBA4B3-B411-479C-BB66-2D37250F09A6}.Debug|x64.Build.0 = Debug|x64
		{BDDBA4B3-B411-479C-BB66-2D37250F09A6}.Debug|x86.ActiveCfg = Debug|Win32
		{BDDBA4B3-B411-479C-BB66-2D37250F09A6}.Debug|x86.Build.0 = Debug|Win32
		{BDDBA4B3-B411-479C-BB66-2D37250F09A6}.Kernel|x64.ActiveCfg = Release|x64
		{BDDBA4B3-B411-479C-BB66-2D37250F09A6}.Kernel|x64.Build.0 = Release|x64
		{BDDBA4B3-B411-479C-BB66-2D37250F09A6}.Kernel|x86.ActiveCfg = Debug|Win32
		{BDDBA4B3-B411-479C-BB66-2D37250F09A6}.Kernel|x86.Build.0 = Debug|Win32
		{BDDBA4B3-B411-479C-BB66-2D37250F09A6}.Release|x64.ActiveCfg = Release|x64
		{BDDBA4B3-B411-479C-BB66-2D37250F09A6}.Release|x64.Build.0 = Release|x64
		{BDDBA4B3-B411-479C-BB66-2D37250F09A6}.Release|x86.ActiveCfg = Release|Win32
		{BDDBA4B3-B411-479C-BB66-2D37250F09A6}.Release|x86.Build.0 = Release|Win32
	EndGlobalSection
	GlobalSection(SolutionProperties) = preSolution
		HideSolutionNode = FALSE
	EndGlobalSection
	GlobalSection(NestedProjects) = preSolution
		{ED375CD0-522F-4DE0-B59F-6F4B267A40C0} = {7F005AC3-89DD-42BF-AFD0-5A99E1F63932}
		{380783F9-463C-4DC4-96D7-95BB4D7910E2} = {7F005AC3-89DD-42BF-AFD0-5A99E1F63932}
		{2E9B211B-DC44-4088-A78A-95D6670289EA} = {7F005AC3-89DD-42BF-AFD0-5A99E1F63932}
		{A7DD2C3B-760C-4575-B13E-D7000AC630D6} = {2E9B211B-DC44-4088-A78A-95D6670289EA}
		{75B96475-7714-4F16-B5BA-A0B6FEA38EAD} = {2E9B211B-DC44-4088-A78A-95D6670289EA}
		{3824E9C8-D4DA-4CAC-BD96-6D758248D32E} = {2E9B211B-DC44-4088-A78A-95D6670289EA}
	EndGlobalSection
	GlobalSection(SubversionScc) = preSolution
		Svn-Managed = True
		Manager = AnkhSVN - Subversion Support for Visual Studio
	EndGlobalSection
EndGlobal
